// !$*UTF8*$!
{
	archiveVersion = 1;
	classes = {
	};
	objectVersion = 56;
	objects = {

/* Begin PBXBuildFile section */
		18D8567D2D387DF200103644 /* AppDelegate.swift in Sources */ = {isa = PBXBuildFile; fileRef = 18D8567C2D387DF200103644 /* AppDelegate.swift */; };
		18D8567F2D387DF200103644 /* GameScene.sks in Resources */ = {isa = PBXBuildFile; fileRef = 18D8567E2D387DF200103644 /* GameScene.sks */; };
		18D856812D387DF200103644 /* Actions.sks in Resources */ = {isa = PBXBuildFile; fileRef = 18D856802D387DF200103644 /* Actions.sks */; };
		18D856832D387DF200103644 /* GameScene.swift in Sources */ = {isa = PBXBuildFile; fileRef = 18D856822D387DF200103644 /* GameScene.swift */; };
		18D856852D387DF200103644 /* GameViewController.swift in Sources */ = {isa = PBXBuildFile; fileRef = 18D856842D387DF200103644 /* GameViewController.swift */; };
		18D856882D387DF200103644 /* Base in Resources */ = {isa = PBXBuildFile; fileRef = 18D856872D387DF200103644 /* Base */; };
		18D8568A2D387DF300103644 /* Assets.xcassets in Resources */ = {isa = PBXBuildFile; fileRef = 18D856892D387DF300103644 /* Assets.xcassets */; };
		18D8568D2D387DF300103644 /* Base in Resources */ = {isa = PBXBuildFile; fileRef = 18D8568C2D387DF300103644 /* Base */; };
		18D856972D387DF300103644 /* memory_roomsTests.swift in Sources */ = {isa = PBXBuildFile; fileRef = 18D856962D387DF300103644 /* memory_roomsTests.swift */; };
		18D856A12D387DF300103644 /* memory_roomsUITests.swift in Sources */ = {isa = PBXBuildFile; fileRef = 18D856A02D387DF300103644 /* memory_roomsUITests.swift */; };
		18D856A32D387DF300103644 /* memory_roomsUITestsLaunchTests.swift in Sources */ = {isa = PBXBuildFile; fileRef = 18D856A22D387DF300103644 /* memory_roomsUITestsLaunchTests.swift */; };
		18D856BD2D3B2DDC00103644 /* wall hit.mp3 in Resources */ = {isa = PBXBuildFile; fileRef = 18D856BC2D3B2DDC00103644 /* wall hit.mp3 */; };
		18D856C02D3B2F3300103644 /* PlayerNode.swift in Sources */ = {isa = PBXBuildFile; fileRef = 18D856BF2D3B2F3300103644 /* PlayerNode.swift */; };
		18D856C22D3B2F3F00103644 /* WallNode.swift in Sources */ = {isa = PBXBuildFile; fileRef = 18D856C12D3B2F3F00103644 /* WallNode.swift */; };
		18D856C42D3B2F5700103644 /* ObjectNode.swift in Sources */ = {isa = PBXBuildFile; fileRef = 18D856C32D3B2F5700103644 /* ObjectNode.swift */; };
		18D856C72D3B2FB300103644 /* 8-Bit Coin Sound Effect (Copyright Free).mp3 in Resources */ = {isa = PBXBuildFile; fileRef = 18D856C52D3B2FB300103644 /* 8-Bit Coin Sound Effect (Copyright Free).mp3 */; };
		18D856C82D3B2FB300103644 /* 8-Bit Powerup Sound Effects (Copyright Free).mp3 in Resources */ = {isa = PBXBuildFile; fileRef = 18D856C62D3B2FB300103644 /* 8-Bit Powerup Sound Effects (Copyright Free).mp3 */; };
		18D856D12D3B34CE00103644 /* MyTileSet.sks in Resources */ = {isa = PBXBuildFile; fileRef = 18D856CF2D3B34CE00103644 /* MyTileSet.sks */; };
/* End PBXBuildFile section */

/* Begin PBXContainerItemProxy section */
		18D856932D387DF300103644 /* PBXContainerItemProxy */ = {
			isa = PBXContainerItemProxy;
			containerPortal = 18D856712D387DF200103644 /* Project object */;
			proxyType = 1;
			remoteGlobalIDString = 18D856782D387DF200103644;
			remoteInfo = "memory-rooms";
		};
		18D8569D2D387DF300103644 /* PBXContainerItemProxy */ = {
			isa = PBXContainerItemProxy;
			containerPortal = 18D856712D387DF200103644 /* Project object */;
			proxyType = 1;
			remoteGlobalIDString = 18D856782D387DF200103644;
			remoteInfo = "memory-rooms";
		};
/* End PBXContainerItemProxy section */

/* Begin PBXFileReference section */
		18D856792D387DF200103644 /* memory-rooms.app */ = {isa = PBXFileReference; explicitFileType = wrapper.application; includeInIndex = 0; path = "memory-rooms.app"; sourceTree = BUILT_PRODUCTS_DIR; };
		18D8567C2D387DF200103644 /* AppDelegate.swift */ = {isa = PBXFileReference; lastKnownFileType = sourcecode.swift; path = AppDelegate.swift; sourceTree = "<group>"; };
		18D8567E2D387DF200103644 /* GameScene.sks */ = {isa = PBXFileReference; lastKnownFileType = file.sks; path = GameScene.sks; sourceTree = "<group>"; };
		18D856802D387DF200103644 /* Actions.sks */ = {isa = PBXFileReference; lastKnownFileType = file.sks; path = Actions.sks; sourceTree = "<group>"; };
		18D856822D387DF200103644 /* GameScene.swift */ = {isa = PBXFileReference; lastKnownFileType = sourcecode.swift; path = GameScene.swift; sourceTree = "<group>"; };
		18D856842D387DF200103644 /* GameViewController.swift */ = {isa = PBXFileReference; lastKnownFileType = sourcecode.swift; path = GameViewController.swift; sourceTree = "<group>"; };
		18D856872D387DF200103644 /* Base */ = {isa = PBXFileReference; lastKnownFileType = file.storyboard; name = Base; path = Base.lproj/Main.storyboard; sourceTree = "<group>"; };
		18D856892D387DF300103644 /* Assets.xcassets */ = {isa = PBXFileReference; lastKnownFileType = folder.assetcatalog; name = Assets.xcassets; path = ../Assets.xcassets; sourceTree = "<group>"; };
		18D8568C2D387DF300103644 /* Base */ = {isa = PBXFileReference; lastKnownFileType = file.storyboard; name = Base; path = Base.lproj/LaunchScreen.storyboard; sourceTree = "<group>"; };
		18D856922D387DF300103644 /* memory-roomsTests.xctest */ = {isa = PBXFileReference; explicitFileType = wrapper.cfbundle; includeInIndex = 0; path = "memory-roomsTests.xctest"; sourceTree = BUILT_PRODUCTS_DIR; };
		18D856962D387DF300103644 /* memory_roomsTests.swift */ = {isa = PBXFileReference; lastKnownFileType = sourcecode.swift; path = memory_roomsTests.swift; sourceTree = "<group>"; };
		18D8569C2D387DF300103644 /* memory-roomsUITests.xctest */ = {isa = PBXFileReference; explicitFileType = wrapper.cfbundle; includeInIndex = 0; path = "memory-roomsUITests.xctest"; sourceTree = BUILT_PRODUCTS_DIR; };
		18D856A02D387DF300103644 /* memory_roomsUITests.swift */ = {isa = PBXFileReference; lastKnownFileType = sourcecode.swift; path = memory_roomsUITests.swift; sourceTree = "<group>"; };
		18D856A22D387DF300103644 /* memory_roomsUITestsLaunchTests.swift */ = {isa = PBXFileReference; lastKnownFileType = sourcecode.swift; path = memory_roomsUITestsLaunchTests.swift; sourceTree = "<group>"; };
		18D856B82D3B2AFC00103644 /* VT323-Regular.ttf */ = {isa = PBXFileReference; lastKnownFileType = file; path = "VT323-Regular.ttf"; sourceTree = "<group>"; };
		18D856BC2D3B2DDC00103644 /* wall hit.mp3 */ = {isa = PBXFileReference; lastKnownFileType = audio.mp3; path = "wall hit.mp3"; sourceTree = "<group>"; };
		18D856BF2D3B2F3300103644 /* PlayerNode.swift */ = {isa = PBXFileReference; lastKnownFileType = sourcecode.swift; path = PlayerNode.swift; sourceTree = "<group>"; };
		18D856C12D3B2F3F00103644 /* WallNode.swift */ = {isa = PBXFileReference; lastKnownFileType = sourcecode.swift; path = WallNode.swift; sourceTree = "<group>"; };
		18D856C32D3B2F5700103644 /* ObjectNode.swift */ = {isa = PBXFileReference; lastKnownFileType = sourcecode.swift; path = ObjectNode.swift; sourceTree = "<group>"; };
		18D856C52D3B2FB300103644 /* 8-Bit Coin Sound Effect (Copyright Free).mp3 */ = {isa = PBXFileReference; lastKnownFileType = audio.mp3; path = "8-Bit Coin Sound Effect (Copyright Free).mp3"; sourceTree = "<group>"; };
		18D856C62D3B2FB300103644 /* 8-Bit Powerup Sound Effects (Copyright Free).mp3 */ = {isa = PBXFileReference; lastKnownFileType = audio.mp3; path = "8-Bit Powerup Sound Effects (Copyright Free).mp3"; sourceTree = "<group>"; };
		18D856CF2D3B34CE00103644 /* MyTileSet.sks */ = {isa = PBXFileReference; lastKnownFileType = file.sks; path = MyTileSet.sks; sourceTree = "<group>"; };
/* End PBXFileReference section */

/* Begin PBXFrameworksBuildPhase section */
		18D856762D387DF200103644 /* Frameworks */ = {
			isa = PBXFrameworksBuildPhase;
			buildActionMask = 2147483647;
			files = (
			);
			runOnlyForDeploymentPostprocessing = 0;
		};
		18D8568F2D387DF300103644 /* Frameworks */ = {
			isa = PBXFrameworksBuildPhase;
			buildActionMask = 2147483647;
			files = (
			);
			runOnlyForDeploymentPostprocessing = 0;
		};
		18D856992D387DF300103644 /* Frameworks */ = {
			isa = PBXFrameworksBuildPhase;
			buildActionMask = 2147483647;
			files = (
			);
			runOnlyForDeploymentPostprocessing = 0;
		};
/* End PBXFrameworksBuildPhase section */

/* Begin PBXGroup section */
		18D856702D387DF200103644 = {
			isa = PBXGroup;
			children = (
				18D8567B2D387DF200103644 /* memory-rooms */,
				18D856952D387DF300103644 /* memory-roomsTests */,
				18D8569F2D387DF300103644 /* memory-roomsUITests */,
				18D8567A2D387DF200103644 /* Products */,
			);
			sourceTree = "<group>";
		};
		18D8567A2D387DF200103644 /* Products */ = {
			isa = PBXGroup;
			children = (
				18D856792D387DF200103644 /* memory-rooms.app */,
				18D856922D387DF300103644 /* memory-roomsTests.xctest */,
				18D8569C2D387DF300103644 /* memory-roomsUITests.xctest */,
			);
			name = Products;
			sourceTree = "<group>";
		};
		18D8567B2D387DF200103644 /* memory-rooms */ = {
			isa = PBXGroup;
			children = (
				18D856B22D38815600103644 /* Scenes */,
				18D856B32D3881FD00103644 /* Core */,
				18D856B62D3B2A8000103644 /* Controllers */,
				18D856802D387DF200103644 /* Actions.sks */,
				18D8567E2D387DF200103644 /* GameScene.sks */,
				18D856CF2D3B34CE00103644 /* MyTileSet.sks */,
				18D856B92D3B2D2C00103644 /* Resources */,
			);
			path = "memory-rooms";
			sourceTree = "<group>";
		};
		18D856952D387DF300103644 /* memory-roomsTests */ = {
			isa = PBXGroup;
			children = (
				18D856962D387DF300103644 /* memory_roomsTests.swift */,
			);
			path = "memory-roomsTests";
			sourceTree = "<group>";
		};
		18D8569F2D387DF300103644 /* memory-roomsUITests */ = {
			isa = PBXGroup;
			children = (
				18D856A02D387DF300103644 /* memory_roomsUITests.swift */,
				18D856A22D387DF300103644 /* memory_roomsUITestsLaunchTests.swift */,
			);
			path = "memory-roomsUITests";
			sourceTree = "<group>";
		};
		18D856B12D38814100103644 /* Sounds */ = {
			isa = PBXGroup;
			children = (
				18D856BC2D3B2DDC00103644 /* wall hit.mp3 */,
				18D856C52D3B2FB300103644 /* 8-Bit Coin Sound Effect (Copyright Free).mp3 */,
				18D856C62D3B2FB300103644 /* 8-Bit Powerup Sound Effects (Copyright Free).mp3 */,
			);
			path = Sounds;
			sourceTree = "<group>";
		};
		18D856B22D38815600103644 /* Scenes */ = {
			isa = PBXGroup;
			children = (
				18D856BE2D3B2F2800103644 /* Nodes */,
				18D856822D387DF200103644 /* GameScene.swift */,
			);
			path = Scenes;
			sourceTree = "<group>";
		};
		18D856B32D3881FD00103644 /* Core */ = {
			isa = PBXGroup;
			children = (
				18D8567C2D387DF200103644 /* AppDelegate.swift */,
				18D856862D387DF200103644 /* Main.storyboard */,
				18D8568B2D387DF300103644 /* LaunchScreen.storyboard */,
			);
			path = Core;
			sourceTree = "<group>";
		};
		18D856B62D3B2A8000103644 /* Controllers */ = {
			isa = PBXGroup;
			children = (
				18D856842D387DF200103644 /* GameViewController.swift */,
			);
			path = Controllers;
			sourceTree = "<group>";
		};
		18D856B72D3B2ACF00103644 /* Fonts */ = {
			isa = PBXGroup;
			children = (
				18D856B82D3B2AFC00103644 /* VT323-Regular.ttf */,
			);
			path = Fonts;
			sourceTree = "<group>";
		};
		18D856B92D3B2D2C00103644 /* Resources */ = {
			isa = PBXGroup;
			children = (
				18D856892D387DF300103644 /* Assets.xcassets */,
				18D856B12D38814100103644 /* Sounds */,
				18D856B72D3B2ACF00103644 /* Fonts */,
			);
			path = Resources;
			sourceTree = "<group>";
		};
		18D856BE2D3B2F2800103644 /* Nodes */ = {
			isa = PBXGroup;
			children = (
				18D856BF2D3B2F3300103644 /* PlayerNode.swift */,
				18D856C12D3B2F3F00103644 /* WallNode.swift */,
				18D856C32D3B2F5700103644 /* ObjectNode.swift */,
			);
			path = Nodes;
			sourceTree = "<group>";
		};
/* End PBXGroup section */

/* Begin PBXNativeTarget section */
		18D856782D387DF200103644 /* memory-rooms */ = {
			isa = PBXNativeTarget;
			buildConfigurationList = 18D856A62D387DF300103644 /* Build configuration list for PBXNativeTarget "memory-rooms" */;
			buildPhases = (
				18D856752D387DF200103644 /* Sources */,
				18D856762D387DF200103644 /* Frameworks */,
				18D856772D387DF200103644 /* Resources */,
			);
			buildRules = (
			);
			dependencies = (
			);
			name = "memory-rooms";
			productName = "memory-rooms";
			productReference = 18D856792D387DF200103644 /* memory-rooms.app */;
			productType = "com.apple.product-type.application";
		};
		18D856912D387DF300103644 /* memory-roomsTests */ = {
			isa = PBXNativeTarget;
			buildConfigurationList = 18D856A92D387DF300103644 /* Build configuration list for PBXNativeTarget "memory-roomsTests" */;
			buildPhases = (
				18D8568E2D387DF300103644 /* Sources */,
				18D8568F2D387DF300103644 /* Frameworks */,
				18D856902D387DF300103644 /* Resources */,
			);
			buildRules = (
			);
			dependencies = (
				18D856942D387DF300103644 /* PBXTargetDependency */,
			);
			name = "memory-roomsTests";
			productName = "memory-roomsTests";
			productReference = 18D856922D387DF300103644 /* memory-roomsTests.xctest */;
			productType = "com.apple.product-type.bundle.unit-test";
		};
		18D8569B2D387DF300103644 /* memory-roomsUITests */ = {
			isa = PBXNativeTarget;
			buildConfigurationList = 18D856AC2D387DF300103644 /* Build configuration list for PBXNativeTarget "memory-roomsUITests" */;
			buildPhases = (
				18D856982D387DF300103644 /* Sources */,
				18D856992D387DF300103644 /* Frameworks */,
				18D8569A2D387DF300103644 /* Resources */,
			);
			buildRules = (
			);
			dependencies = (
				18D8569E2D387DF300103644 /* PBXTargetDependency */,
			);
			name = "memory-roomsUITests";
			productName = "memory-roomsUITests";
			productReference = 18D8569C2D387DF300103644 /* memory-roomsUITests.xctest */;
			productType = "com.apple.product-type.bundle.ui-testing";
		};
/* End PBXNativeTarget section */

/* Begin PBXProject section */
		18D856712D387DF200103644 /* Project object */ = {
			isa = PBXProject;
			attributes = {
				BuildIndependentTargetsInParallel = 1;
				LastSwiftUpdateCheck = 1540;
				LastUpgradeCheck = 1540;
				TargetAttributes = {
					18D856782D387DF200103644 = {
						CreatedOnToolsVersion = 15.4;
					};
					18D856912D387DF300103644 = {
						CreatedOnToolsVersion = 15.4;
						TestTargetID = 18D856782D387DF200103644;
					};
					18D8569B2D387DF300103644 = {
						CreatedOnToolsVersion = 15.4;
						TestTargetID = 18D856782D387DF200103644;
					};
				};
			};
			buildConfigurationList = 18D856742D387DF200103644 /* Build configuration list for PBXProject "memory-rooms" */;
			compatibilityVersion = "Xcode 14.0";
			developmentRegion = en;
			hasScannedForEncodings = 0;
			knownRegions = (
				en,
				Base,
			);
			mainGroup = 18D856702D387DF200103644;
			productRefGroup = 18D8567A2D387DF200103644 /* Products */;
			projectDirPath = "";
			projectRoot = "";
			targets = (
				18D856782D387DF200103644 /* memory-rooms */,
				18D856912D387DF300103644 /* memory-roomsTests */,
				18D8569B2D387DF300103644 /* memory-roomsUITests */,
			);
		};
/* End PBXProject section */

/* Begin PBXResourcesBuildPhase section */
		18D856772D387DF200103644 /* Resources */ = {
			isa = PBXResourcesBuildPhase;
			buildActionMask = 2147483647;
			files = (
				18D856BD2D3B2DDC00103644 /* wall hit.mp3 in Resources */,
				18D856D12D3B34CE00103644 /* MyTileSet.sks in Resources */,
				18D856C82D3B2FB300103644 /* 8-Bit Powerup Sound Effects (Copyright Free).mp3 in Resources */,
				18D8567F2D387DF200103644 /* GameScene.sks in Resources */,
				18D856882D387DF200103644 /* Base in Resources */,
				18D8568A2D387DF300103644 /* Assets.xcassets in Resources */,
				18D856812D387DF200103644 /* Actions.sks in Resources */,
				18D856C72D3B2FB300103644 /* 8-Bit Coin Sound Effect (Copyright Free).mp3 in Resources */,
				18D8568D2D387DF300103644 /* Base in Resources */,
			);
			runOnlyForDeploymentPostprocessing = 0;
		};
		18D856902D387DF300103644 /* Resources */ = {
			isa = PBXResourcesBuildPhase;
			buildActionMask = 2147483647;
			files = (
			);
			runOnlyForDeploymentPostprocessing = 0;
		};
		18D8569A2D387DF300103644 /* Resources */ = {
			isa = PBXResourcesBuildPhase;
			buildActionMask = 2147483647;
			files = (
			);
			runOnlyForDeploymentPostprocessing = 0;
		};
/* End PBXResourcesBuildPhase section */

/* Begin PBXSourcesBuildPhase section */
		18D856752D387DF200103644 /* Sources */ = {
			isa = PBXSourcesBuildPhase;
			buildActionMask = 2147483647;
			files = (
				18D856C22D3B2F3F00103644 /* WallNode.swift in Sources */,
				18D856832D387DF200103644 /* GameScene.swift in Sources */,
				18D856852D387DF200103644 /* GameViewController.swift in Sources */,
				18D856C02D3B2F3300103644 /* PlayerNode.swift in Sources */,
				18D856C42D3B2F5700103644 /* ObjectNode.swift in Sources */,
				18D8567D2D387DF200103644 /* AppDelegate.swift in Sources */,
			);
			runOnlyForDeploymentPostprocessing = 0;
		};
		18D8568E2D387DF300103644 /* Sources */ = {
			isa = PBXSourcesBuildPhase;
			buildActionMask = 2147483647;
			files = (
				18D856972D387DF300103644 /* memory_roomsTests.swift in Sources */,
			);
			runOnlyForDeploymentPostprocessing = 0;
		};
		18D856982D387DF300103644 /* Sources */ = {
			isa = PBXSourcesBuildPhase;
			buildActionMask = 2147483647;
			files = (
				18D856A32D387DF300103644 /* memory_roomsUITestsLaunchTests.swift in Sources */,
				18D856A12D387DF300103644 /* memory_roomsUITests.swift in Sources */,
			);
			runOnlyForDeploymentPostprocessing = 0;
		};
/* End PBXSourcesBuildPhase section */

/* Begin PBXTargetDependency section */
		18D856942D387DF300103644 /* PBXTargetDependency */ = {
			isa = PBXTargetDependency;
			target = 18D856782D387DF200103644 /* memory-rooms */;
			targetProxy = 18D856932D387DF300103644 /* PBXContainerItemProxy */;
		};
		18D8569E2D387DF300103644 /* PBXTargetDependency */ = {
			isa = PBXTargetDependency;
			target = 18D856782D387DF200103644 /* memory-rooms */;
			targetProxy = 18D8569D2D387DF300103644 /* PBXContainerItemProxy */;
		};
/* End PBXTargetDependency section */

/* Begin PBXVariantGroup section */
		18D856862D387DF200103644 /* Main.storyboard */ = {
			isa = PBXVariantGroup;
			children = (
				18D856872D387DF200103644 /* Base */,
			);
			name = Main.storyboard;
			sourceTree = "<group>";
		};
		18D8568B2D387DF300103644 /* LaunchScreen.storyboard */ = {
			isa = PBXVariantGroup;
			children = (
				18D8568C2D387DF300103644 /* Base */,
			);
			name = LaunchScreen.storyboard;
			sourceTree = "<group>";
		};
/* End PBXVariantGroup section */

/* Begin XCBuildConfiguration section */
		18D856A42D387DF300103644 /* Debug */ = {
			isa = XCBuildConfiguration;
			buildSettings = {
				ALWAYS_SEARCH_USER_PATHS = NO;
				ASSETCATALOG_COMPILER_GENERATE_SWIFT_ASSET_SYMBOL_EXTENSIONS = YES;
				CLANG_ANALYZER_NONNULL = YES;
				CLANG_ANALYZER_NUMBER_OBJECT_CONVERSION = YES_AGGRESSIVE;
				CLANG_CXX_LANGUAGE_STANDARD = "gnu++20";
				CLANG_ENABLE_MODULES = YES;
				CLANG_ENABLE_OBJC_ARC = YES;
				CLANG_ENABLE_OBJC_WEAK = YES;
				CLANG_WARN_BLOCK_CAPTURE_AUTORELEASING = YES;
				CLANG_WARN_BOOL_CONVERSION = YES;
				CLANG_WARN_COMMA = YES;
				CLANG_WARN_CONSTANT_CONVERSION = YES;
				CLANG_WARN_DEPRECATED_OBJC_IMPLEMENTATIONS = YES;
				CLANG_WARN_DIRECT_OBJC_ISA_USAGE = YES_ERROR;
				CLANG_WARN_DOCUMENTATION_COMMENTS = YES;
				CLANG_WARN_EMPTY_BODY = YES;
				CLANG_WARN_ENUM_CONVERSION = YES;
				CLANG_WARN_INFINITE_RECURSION = YES;
				CLANG_WARN_INT_CONVERSION = YES;
				CLANG_WARN_NON_LITERAL_NULL_CONVERSION = YES;
				CLANG_WARN_OBJC_IMPLICIT_RETAIN_SELF = YES;
				CLANG_WARN_OBJC_LITERAL_CONVERSION = YES;
				CLANG_WARN_OBJC_ROOT_CLASS = YES_ERROR;
				CLANG_WARN_QUOTED_INCLUDE_IN_FRAMEWORK_HEADER = YES;
				CLANG_WARN_RANGE_LOOP_ANALYSIS = YES;
				CLANG_WARN_STRICT_PROTOTYPES = YES;
				CLANG_WARN_SUSPICIOUS_MOVE = YES;
				CLANG_WARN_UNGUARDED_AVAILABILITY = YES_AGGRESSIVE;
				CLANG_WARN_UNREACHABLE_CODE = YES;
				CLANG_WARN__DUPLICATE_METHOD_MATCH = YES;
				COPY_PHASE_STRIP = NO;
				DEBUG_INFORMATION_FORMAT = dwarf;
				ENABLE_STRICT_OBJC_MSGSEND = YES;
				ENABLE_TESTABILITY = YES;
				ENABLE_USER_SCRIPT_SANDBOXING = YES;
				GCC_C_LANGUAGE_STANDARD = gnu17;
				GCC_DYNAMIC_NO_PIC = NO;
				GCC_NO_COMMON_BLOCKS = YES;
				GCC_OPTIMIZATION_LEVEL = 0;
				GCC_PREPROCESSOR_DEFINITIONS = (
					"DEBUG=1",
					"$(inherited)",
				);
				GCC_WARN_64_TO_32_BIT_CONVERSION = YES;
				GCC_WARN_ABOUT_RETURN_TYPE = YES_ERROR;
				GCC_WARN_UNDECLARED_SELECTOR = YES;
				GCC_WARN_UNINITIALIZED_AUTOS = YES_AGGRESSIVE;
				GCC_WARN_UNUSED_FUNCTION = YES;
				GCC_WARN_UNUSED_VARIABLE = YES;
				IPHONEOS_DEPLOYMENT_TARGET = 17.5;
				LOCALIZATION_PREFERS_STRING_CATALOGS = YES;
				MTL_ENABLE_DEBUG_INFO = INCLUDE_SOURCE;
				MTL_FAST_MATH = YES;
				ONLY_ACTIVE_ARCH = YES;
				SDKROOT = iphoneos;
				SWIFT_ACTIVE_COMPILATION_CONDITIONS = "DEBUG $(inherited)";
				SWIFT_OPTIMIZATION_LEVEL = "-Onone";
			};
			name = Debug;
		};
		18D856A52D387DF300103644 /* Release */ = {
			isa = XCBuildConfiguration;
			buildSettings = {
				ALWAYS_SEARCH_USER_PATHS = NO;
				ASSETCATALOG_COMPILER_GENERATE_SWIFT_ASSET_SYMBOL_EXTENSIONS = YES;
				CLANG_ANALYZER_NONNULL = YES;
				CLANG_ANALYZER_NUMBER_OBJECT_CONVERSION = YES_AGGRESSIVE;
				CLANG_CXX_LANGUAGE_STANDARD = "gnu++20";
				CLANG_ENABLE_MODULES = YES;
				CLANG_ENABLE_OBJC_ARC = YES;
				CLANG_ENABLE_OBJC_WEAK = YES;
				CLANG_WARN_BLOCK_CAPTURE_AUTORELEASING = YES;
				CLANG_WARN_BOOL_CONVERSION = YES;
				CLANG_WARN_COMMA = YES;
				CLANG_WARN_CONSTANT_CONVERSION = YES;
				CLANG_WARN_DEPRECATED_OBJC_IMPLEMENTATIONS = YES;
				CLANG_WARN_DIRECT_OBJC_ISA_USAGE = YES_ERROR;
				CLANG_WARN_DOCUMENTATION_COMMENTS = YES;
				CLANG_WARN_EMPTY_BODY = YES;
				CLANG_WARN_ENUM_CONVERSION = YES;
				CLANG_WARN_INFINITE_RECURSION = YES;
				CLANG_WARN_INT_CONVERSION = YES;
				CLANG_WARN_NON_LITERAL_NULL_CONVERSION = YES;
				CLANG_WARN_OBJC_IMPLICIT_RETAIN_SELF = YES;
				CLANG_WARN_OBJC_LITERAL_CONVERSION = YES;
				CLANG_WARN_OBJC_ROOT_CLASS = YES_ERROR;
				CLANG_WARN_QUOTED_INCLUDE_IN_FRAMEWORK_HEADER = YES;
				CLANG_WARN_RANGE_LOOP_ANALYSIS = YES;
				CLANG_WARN_STRICT_PROTOTYPES = YES;
				CLANG_WARN_SUSPICIOUS_MOVE = YES;
				CLANG_WARN_UNGUARDED_AVAILABILITY = YES_AGGRESSIVE;
				CLANG_WARN_UNREACHABLE_CODE = YES;
				CLANG_WARN__DUPLICATE_METHOD_MATCH = YES;
				COPY_PHASE_STRIP = NO;
				DEBUG_INFORMATION_FORMAT = "dwarf-with-dsym";
				ENABLE_NS_ASSERTIONS = NO;
				ENABLE_STRICT_OBJC_MSGSEND = YES;
				ENABLE_USER_SCRIPT_SANDBOXING = YES;
				GCC_C_LANGUAGE_STANDARD = gnu17;
				GCC_NO_COMMON_BLOCKS = YES;
				GCC_WARN_64_TO_32_BIT_CONVERSION = YES;
				GCC_WARN_ABOUT_RETURN_TYPE = YES_ERROR;
				GCC_WARN_UNDECLARED_SELECTOR = YES;
				GCC_WARN_UNINITIALIZED_AUTOS = YES_AGGRESSIVE;
				GCC_WARN_UNUSED_FUNCTION = YES;
				GCC_WARN_UNUSED_VARIABLE = YES;
				IPHONEOS_DEPLOYMENT_TARGET = 17.5;
				LOCALIZATION_PREFERS_STRING_CATALOGS = YES;
				MTL_ENABLE_DEBUG_INFO = NO;
				MTL_FAST_MATH = YES;
				SDKROOT = iphoneos;
				SWIFT_COMPILATION_MODE = wholemodule;
				VALIDATE_PRODUCT = YES;
			};
			name = Release;
		};
		18D856A72D387DF300103644 /* Debug */ = {
			isa = XCBuildConfiguration;
			buildSettings = {
				ASSETCATALOG_COMPILER_APPICON_NAME = AppIcon;
				ASSETCATALOG_COMPILER_GLOBAL_ACCENT_COLOR_NAME = AccentColor;
				CODE_SIGN_STYLE = Automatic;
				CURRENT_PROJECT_VERSION = 1;
				DEVELOPMENT_TEAM = C4AXBZ5DXK;
				GENERATE_INFOPLIST_FILE = YES;
				INFOPLIST_KEY_UIApplicationSupportsIndirectInputEvents = YES;
				INFOPLIST_KEY_UILaunchStoryboardName = LaunchScreen;
				INFOPLIST_KEY_UIMainStoryboardFile = Main;
				INFOPLIST_KEY_UIStatusBarHidden = YES;
				INFOPLIST_KEY_UISupportedInterfaceOrientations_iPad = "UIInterfaceOrientationPortrait UIInterfaceOrientationPortraitUpsideDown UIInterfaceOrientationLandscapeLeft UIInterfaceOrientationLandscapeRight";
				INFOPLIST_KEY_UISupportedInterfaceOrientations_iPhone = "UIInterfaceOrientationPortrait UIInterfaceOrientationLandscapeLeft UIInterfaceOrientationLandscapeRight";
				LD_RUNPATH_SEARCH_PATHS = (
					"$(inherited)",
					"@executable_path/Frameworks",
				);
				MARKETING_VERSION = 1.0;
				PRODUCT_BUNDLE_IDENTIFIER = "mlekhi.memory-rooms";
				PRODUCT_NAME = "$(TARGET_NAME)";
				SWIFT_EMIT_LOC_STRINGS = YES;
				SWIFT_VERSION = 5.0;
				TARGETED_DEVICE_FAMILY = "1,2";
			};
			name = Debug;
		};
		18D856A82D387DF300103644 /* Release */ = {
			isa = XCBuildConfiguration;
			buildSettings = {
				ASSETCATALOG_COMPILER_APPICON_NAME = AppIcon;
				ASSETCATALOG_COMPILER_GLOBAL_ACCENT_COLOR_NAME = AccentColor;
				CODE_SIGN_STYLE = Automatic;
				CURRENT_PROJECT_VERSION = 1;
				DEVELOPMENT_TEAM = C4AXBZ5DXK;
				GENERATE_INFOPLIST_FILE = YES;
				INFOPLIST_KEY_UIApplicationSupportsIndirectInputEvents = YES;
				INFOPLIST_KEY_UILaunchStoryboardName = LaunchScreen;
				INFOPLIST_KEY_UIMainStoryboardFile = Main;
				INFOPLIST_KEY_UIStatusBarHidden = YES;
				INFOPLIST_KEY_UISupportedInterfaceOrientations_iPad = "UIInterfaceOrientationPortrait UIInterfaceOrientationPortraitUpsideDown UIInterfaceOrientationLandscapeLeft UIInterfaceOrientationLandscapeRight";
				INFOPLIST_KEY_UISupportedInterfaceOrientations_iPhone = "UIInterfaceOrientationPortrait UIInterfaceOrientationLandscapeLeft UIInterfaceOrientationLandscapeRight";
				LD_RUNPATH_SEARCH_PATHS = (
					"$(inherited)",
					"@executable_path/Frameworks",
				);
				MARKETING_VERSION = 1.0;
				PRODUCT_BUNDLE_IDENTIFIER = "mlekhi.memory-rooms";
				PRODUCT_NAME = "$(TARGET_NAME)";
				SWIFT_EMIT_LOC_STRINGS = YES;
				SWIFT_VERSION = 5.0;
				TARGETED_DEVICE_FAMILY = "1,2";
			};
			name = Release;
		};
		18D856AA2D387DF300103644 /* Debug */ = {
			isa = XCBuildConfiguration;
			buildSettings = {
				ALWAYS_EMBED_SWIFT_STANDARD_LIBRARIES = YES;
				BUNDLE_LOADER = "$(TEST_HOST)";
				CODE_SIGN_STYLE = Automatic;
				CURRENT_PROJECT_VERSION = 1;
				DEVELOPMENT_TEAM = C4AXBZ5DXK;
				GENERATE_INFOPLIST_FILE = YES;
				IPHONEOS_DEPLOYMENT_TARGET = 17.5;
				MARKETING_VERSION = 1.0;
				PRODUCT_BUNDLE_IDENTIFIER = "mlekhi.memory-roomsTests";
				PRODUCT_NAME = "$(TARGET_NAME)";
				SWIFT_EMIT_LOC_STRINGS = NO;
				SWIFT_VERSION = 5.0;
				TARGETED_DEVICE_FAMILY = "1,2";
				TEST_HOST = "$(BUILT_PRODUCTS_DIR)/memory-rooms.app/$(BUNDLE_EXECUTABLE_FOLDER_PATH)/memory-rooms";
			};
			name = Debug;
		};
		18D856AB2D387DF300103644 /* Release */ = {
			isa = XCBuildConfiguration;
			buildSettings = {
				ALWAYS_EMBED_SWIFT_STANDARD_LIBRARIES = YES;
				BUNDLE_LOADER = "$(TEST_HOST)";
				CODE_SIGN_STYLE = Automatic;
				CURRENT_PROJECT_VERSION = 1;
				DEVELOPMENT_TEAM = C4AXBZ5DXK;
				GENERATE_INFOPLIST_FILE = YES;
				IPHONEOS_DEPLOYMENT_TARGET = 17.5;
				MARKETING_VERSION = 1.0;
				PRODUCT_BUNDLE_IDENTIFIER = "mlekhi.memory-roomsTests";
				PRODUCT_NAME = "$(TARGET_NAME)";
				SWIFT_EMIT_LOC_STRINGS = NO;
				SWIFT_VERSION = 5.0;
				TARGETED_DEVICE_FAMILY = "1,2";
				TEST_HOST = "$(BUILT_PRODUCTS_DIR)/memory-rooms.app/$(BUNDLE_EXECUTABLE_FOLDER_PATH)/memory-rooms";
			};
			name = Release;
		};
		18D856AD2D387DF300103644 /* Debug */ = {
			isa = XCBuildConfiguration;
			buildSettings = {
				ALWAYS_EMBED_SWIFT_STANDARD_LIBRARIES = YES;
				CODE_SIGN_STYLE = Automatic;
				CURRENT_PROJECT_VERSION = 1;
				DEVELOPMENT_TEAM = C4AXBZ5DXK;
				GENERATE_INFOPLIST_FILE = YES;
				MARKETING_VERSION = 1.0;
				PRODUCT_BUNDLE_IDENTIFIER = "mlekhi.memory-roomsUITests";
				PRODUCT_NAME = "$(TARGET_NAME)";
				SWIFT_EMIT_LOC_STRINGS = NO;
				SWIFT_VERSION = 5.0;
				TARGETED_DEVICE_FAMILY = "1,2";
				TEST_TARGET_NAME = "memory-rooms";
			};
			name = Debug;
		};
		18D856AE2D387DF300103644 /* Release */ = {
			isa = XCBuildConfiguration;
			buildSettings = {
				ALWAYS_EMBED_SWIFT_STANDARD_LIBRARIES = YES;
				CODE_SIGN_STYLE = Automatic;
				CURRENT_PROJECT_VERSION = 1;
				DEVELOPMENT_TEAM = C4AXBZ5DXK;
				GENERATE_INFOPLIST_FILE = YES;
				MARKETING_VERSION = 1.0;
				PRODUCT_BUNDLE_IDENTIFIER = "mlekhi.memory-roomsUITests";
				PRODUCT_NAME = "$(TARGET_NAME)";
				SWIFT_EMIT_LOC_STRINGS = NO;
				SWIFT_VERSION = 5.0;
				TARGETED_DEVICE_FAMILY = "1,2";
				TEST_TARGET_NAME = "memory-rooms";
			};
			name = Release;
		};
/* End XCBuildConfiguration section */

/* Begin XCConfigurationList section */
		18D856742D387DF200103644 /* Build configuration list for PBXProject "memory-rooms" */ = {
			isa = XCConfigurationList;
			buildConfigurations = (
				18D856A42D387DF300103644 /* Debug */,
				18D856A52D387DF300103644 /* Release */,
			);
			defaultConfigurationIsVisible = 0;
			defaultConfigurationName = Release;
		};
		18D856A62D387DF300103644 /* Build configuration list for PBXNativeTarget "memory-rooms" */ = {
			isa = XCConfigurationList;
			buildConfigurations = (
				18D856A72D387DF300103644 /* Debug */,
				18D856A82D387DF300103644 /* Release */,
			);
			defaultConfigurationIsVisible = 0;
			defaultConfigurationName = Release;
		};
		18D856A92D387DF300103644 /* Build configuration list for PBXNativeTarget "memory-roomsTests" */ = {
			isa = XCConfigurationList;
			buildConfigurations = (
				18D856AA2D387DF300103644 /* Debug */,
				18D856AB2D387DF300103644 /* Release */,
			);
			defaultConfigurationIsVisible = 0;
			defaultConfigurationName = Release;
		};
		18D856AC2D387DF300103644 /* Build configuration list for PBXNativeTarget "memory-roomsUITests" */ = {
			isa = XCConfigurationList;
			buildConfigurations = (
				18D856AD2D387DF300103644 /* Debug */,
				18D856AE2D387DF300103644 /* Release */,
			);
			defaultConfigurationIsVisible = 0;
			defaultConfigurationName = Release;
		};
/* End XCConfigurationList section */
	};
	rootObject = 18D856712D387DF200103644 /* Project object */;
}
